// !$*UTF8*$!
{
	archiveVersion = 1;
	classes = {
	};
	objectVersion = 46;
	objects = {

/* Begin PBXBuildFile section */
		2E2503BF1998C2DB006DD53C /* Foundation.framework in Frameworks */ = {isa = PBXBuildFile; fileRef = 2E2503BE1998C2DB006DD53C /* Foundation.framework */; };
		2E2503C11998C2DB006DD53C /* CoreGraphics.framework in Frameworks */ = {isa = PBXBuildFile; fileRef = 2E2503C01998C2DB006DD53C /* CoreGraphics.framework */; };
		2E2503C31998C2DB006DD53C /* UIKit.framework in Frameworks */ = {isa = PBXBuildFile; fileRef = 2E2503C21998C2DB006DD53C /* UIKit.framework */; };
		2E2503C91998C2DB006DD53C /* InfoPlist.strings in Resources */ = {isa = PBXBuildFile; fileRef = 2E2503C71998C2DB006DD53C /* InfoPlist.strings */; };
		2E2503CB1998C2DB006DD53C /* main.m in Sources */ = {isa = PBXBuildFile; fileRef = 2E2503CA1998C2DB006DD53C /* main.m */; };
		2E2503CF1998C2DB006DD53C /* AppDelegate.m in Sources */ = {isa = PBXBuildFile; fileRef = 2E2503CE1998C2DB006DD53C /* AppDelegate.m */; };
		2E2503D21998C2DB006DD53C /* Main.storyboard in Resources */ = {isa = PBXBuildFile; fileRef = 2E2503D01998C2DB006DD53C /* Main.storyboard */; };
		2E2503D51998C2DB006DD53C /* ViewController.m in Sources */ = {isa = PBXBuildFile; fileRef = 2E2503D41998C2DB006DD53C /* ViewController.m */; };
		2E2503D71998C2DB006DD53C /* Images.xcassets in Resources */ = {isa = PBXBuildFile; fileRef = 2E2503D61998C2DB006DD53C /* Images.xcassets */; };
		2E2503DE1998C2DB006DD53C /* XCTest.framework in Frameworks */ = {isa = PBXBuildFile; fileRef = 2E2503DD1998C2DB006DD53C /* XCTest.framework */; };
		2E2503DF1998C2DB006DD53C /* Foundation.framework in Frameworks */ = {isa = PBXBuildFile; fileRef = 2E2503BE1998C2DB006DD53C /* Foundation.framework */; };
		2E2503E01998C2DB006DD53C /* UIKit.framework in Frameworks */ = {isa = PBXBuildFile; fileRef = 2E2503C21998C2DB006DD53C /* UIKit.framework */; };
		2E2503E81998C2DB006DD53C /* InfoPlist.strings in Resources */ = {isa = PBXBuildFile; fileRef = 2E2503E61998C2DB006DD53C /* InfoPlist.strings */; };
		2E2503EA1998C2DB006DD53C /* RemoveEmojiDemoTests.m in Sources */ = {isa = PBXBuildFile; fileRef = 2E2503E91998C2DB006DD53C /* RemoveEmojiDemoTests.m */; };
		2E2503F61998C328006DD53C /* NSString+RemoveEmoji.m in Sources */ = {isa = PBXBuildFile; fileRef = 2E2503F51998C328006DD53C /* NSString+RemoveEmoji.m */; };
/* End PBXBuildFile section */

/* Begin PBXContainerItemProxy section */
		2E2503E11998C2DB006DD53C /* PBXContainerItemProxy */ = {
			isa = PBXContainerItemProxy;
			containerPortal = 2E2503B31998C2DB006DD53C /* Project object */;
			proxyType = 1;
			remoteGlobalIDString = 2E2503BA1998C2DB006DD53C;
			remoteInfo = RemoveEmojiDemo;
		};
/* End PBXContainerItemProxy section */

/* Begin PBXFileReference section */
		2E2503BB1998C2DB006DD53C /* RemoveEmojiDemo.app */ = {isa = PBXFileReference; explicitFileType = wrapper.application; includeInIndex = 0; path = RemoveEmojiDemo.app; sourceTree = BUILT_PRODUCTS_DIR; };
		2E2503BE1998C2DB006DD53C /* Foundation.framework */ = {isa = PBXFileReference; lastKnownFileType = wrapper.framework; name = Foundation.framework; path = System/Library/Frameworks/Foundation.framework; sourceTree = SDKROOT; };
		2E2503C01998C2DB006DD53C /* CoreGraphics.framework */ = {isa = PBXFileReference; lastKnownFileType = wrapper.framework; name = CoreGraphics.framework; path = System/Library/Frameworks/CoreGraphics.framework; sourceTree = SDKROOT; };
		2E2503C21998C2DB006DD53C /* UIKit.framework */ = {isa = PBXFileReference; lastKnownFileType = wrapper.framework; name = UIKit.framework; path = System/Library/Frameworks/UIKit.framework; sourceTree = SDKROOT; };
		2E2503C61998C2DB006DD53C /* RemoveEmojiDemo-Info.plist */ = {isa = PBXFileReference; lastKnownFileType = text.plist.xml; path = "RemoveEmojiDemo-Info.plist"; sourceTree = "<group>"; };
		2E2503C81998C2DB006DD53C /* en */ = {isa = PBXFileReference; lastKnownFileType = text.plist.strings; name = en; path = en.lproj/InfoPlist.strings; sourceTree = "<group>"; };
		2E2503CA1998C2DB006DD53C /* main.m */ = {isa = PBXFileReference; lastKnownFileType = sourcecode.c.objc; path = main.m; sourceTree = "<group>"; };
		2E2503CC1998C2DB006DD53C /* RemoveEmojiDemo-Prefix.pch */ = {isa = PBXFileReference; lastKnownFileType = sourcecode.c.h; path = "RemoveEmojiDemo-Prefix.pch"; sourceTree = "<group>"; };
		2E2503CD1998C2DB006DD53C /* AppDelegate.h */ = {isa = PBXFileReference; lastKnownFileType = sourcecode.c.h; path = AppDelegate.h; sourceTree = "<group>"; };
		2E2503CE1998C2DB006DD53C /* AppDelegate.m */ = {isa = PBXFileReference; lastKnownFileType = sourcecode.c.objc; path = AppDelegate.m; sourceTree = "<group>"; };
		2E2503D11998C2DB006DD53C /* Base */ = {isa = PBXFileReference; lastKnownFileType = file.storyboard; name = Base; path = Base.lproj/Main.storyboard; sourceTree = "<group>"; };
		2E2503D31998C2DB006DD53C /* ViewController.h */ = {isa = PBXFileReference; lastKnownFileType = sourcecode.c.h; path = ViewController.h; sourceTree = "<group>"; };
		2E2503D41998C2DB006DD53C /* ViewController.m */ = {isa = PBXFileReference; lastKnownFileType = sourcecode.c.objc; path = ViewController.m; sourceTree = "<group>"; };
		2E2503D61998C2DB006DD53C /* Images.xcassets */ = {isa = PBXFileReference; lastKnownFileType = folder.assetcatalog; path = Images.xcassets; sourceTree = "<group>"; };
		2E2503DC1998C2DB006DD53C /* RemoveEmojiDemoTests.xctest */ = {isa = PBXFileReference; explicitFileType = wrapper.cfbundle; includeInIndex = 0; path = RemoveEmojiDemoTests.xctest; sourceTree = BUILT_PRODUCTS_DIR; };
		2E2503DD1998C2DB006DD53C /* XCTest.framework */ = {isa = PBXFileReference; lastKnownFileType = wrapper.framework; name = XCTest.framework; path = Library/Frameworks/XCTest.framework; sourceTree = DEVELOPER_DIR; };
		2E2503E51998C2DB006DD53C /* RemoveEmojiDemoTests-Info.plist */ = {isa = PBXFileReference; lastKnownFileType = text.plist.xml; path = "RemoveEmojiDemoTests-Info.plist"; sourceTree = "<group>"; };
		2E2503E71998C2DB006DD53C /* en */ = {isa = PBXFileReference; lastKnownFileType = text.plist.strings; name = en; path = en.lproj/InfoPlist.strings; sourceTree = "<group>"; };
		2E2503E91998C2DB006DD53C /* RemoveEmojiDemoTests.m */ = {isa = PBXFileReference; lastKnownFileType = sourcecode.c.objc; path = RemoveEmojiDemoTests.m; sourceTree = "<group>"; };
		2E2503F41998C328006DD53C /* NSString+RemoveEmoji.h */ = {isa = PBXFileReference; fileEncoding = 4; lastKnownFileType = sourcecode.c.h; path = "NSString+RemoveEmoji.h"; sourceTree = "<group>"; };
		2E2503F51998C328006DD53C /* NSString+RemoveEmoji.m */ = {isa = PBXFileReference; fileEncoding = 4; lastKnownFileType = sourcecode.c.objc; path = "NSString+RemoveEmoji.m"; sourceTree = "<group>"; };
/* End PBXFileReference section */

/* Begin PBXFrameworksBuildPhase section */
		2E2503B81998C2DB006DD53C /* Frameworks */ = {
			isa = PBXFrameworksBuildPhase;
			buildActionMask = 2147483647;
			files = (
				2E2503C11998C2DB006DD53C /* CoreGraphics.framework in Frameworks */,
				2E2503C31998C2DB006DD53C /* UIKit.framework in Frameworks */,
				2E2503BF1998C2DB006DD53C /* Foundation.framework in Frameworks */,
			);
			runOnlyForDeploymentPostprocessing = 0;
		};
		2E2503D91998C2DB006DD53C /* Frameworks */ = {
			isa = PBXFrameworksBuildPhase;
			buildActionMask = 2147483647;
			files = (
				2E2503DE1998C2DB006DD53C /* XCTest.framework in Frameworks */,
				2E2503E01998C2DB006DD53C /* UIKit.framework in Frameworks */,
				2E2503DF1998C2DB006DD53C /* Foundation.framework in Frameworks */,
			);
			runOnlyForDeploymentPostprocessing = 0;
		};
/* End PBXFrameworksBuildPhase section */

/* Begin PBXGroup section */
		2E2503B21998C2DB006DD53C = {
			isa = PBXGroup;
			children = (
				2E2503C41998C2DB006DD53C /* RemoveEmojiDemo */,
				2E2503E31998C2DB006DD53C /* RemoveEmojiDemoTests */,
				2E2503BD1998C2DB006DD53C /* Frameworks */,
				2E2503BC1998C2DB006DD53C /* Products */,
			);
			sourceTree = "<group>";
		};
		2E2503BC1998C2DB006DD53C /* Products */ = {
			isa = PBXGroup;
			children = (
				2E2503BB1998C2DB006DD53C /* RemoveEmojiDemo.app */,
				2E2503DC1998C2DB006DD53C /* RemoveEmojiDemoTests.xctest */,
			);
			name = Products;
			sourceTree = "<group>";
		};
		2E2503BD1998C2DB006DD53C /* Frameworks */ = {
			isa = PBXGroup;
			children = (
				2E2503BE1998C2DB006DD53C /* Foundation.framework */,
				2E2503C01998C2DB006DD53C /* CoreGraphics.framework */,
				2E2503C21998C2DB006DD53C /* UIKit.framework */,
				2E2503DD1998C2DB006DD53C /* XCTest.framework */,
			);
			name = Frameworks;
			sourceTree = "<group>";
		};
		2E2503C41998C2DB006DD53C /* RemoveEmojiDemo */ = {
			isa = PBXGroup;
			children = (
				2E2503F31998C328006DD53C /* NSString+RemoveEmoji */,
				2E2503CD1998C2DB006DD53C /* AppDelegate.h */,
				2E2503CE1998C2DB006DD53C /* AppDelegate.m */,
				2E2503D01998C2DB006DD53C /* Main.storyboard */,
				2E2503D31998C2DB006DD53C /* ViewController.h */,
				2E2503D41998C2DB006DD53C /* ViewController.m */,
				2E2503D61998C2DB006DD53C /* Images.xcassets */,
				2E2503C51998C2DB006DD53C /* Supporting Files */,
			);
			path = RemoveEmojiDemo;
			sourceTree = "<group>";
		};
		2E2503C51998C2DB006DD53C /* Supporting Files */ = {
			isa = PBXGroup;
			children = (
				2E2503C61998C2DB006DD53C /* RemoveEmojiDemo-Info.plist */,
				2E2503C71998C2DB006DD53C /* InfoPlist.strings */,
				2E2503CA1998C2DB006DD53C /* main.m */,
				2E2503CC1998C2DB006DD53C /* RemoveEmojiDemo-Prefix.pch */,
			);
			name = "Supporting Files";
			sourceTree = "<group>";
		};
		2E2503E31998C2DB006DD53C /* RemoveEmojiDemoTests */ = {
			isa = PBXGroup;
			children = (
				2E2503E91998C2DB006DD53C /* RemoveEmojiDemoTests.m */,
				2E2503E41998C2DB006DD53C /* Supporting Files */,
			);
			path = RemoveEmojiDemoTests;
			sourceTree = "<group>";
		};
		2E2503E41998C2DB006DD53C /* Supporting Files */ = {
			isa = PBXGroup;
			children = (
				2E2503E51998C2DB006DD53C /* RemoveEmojiDemoTests-Info.plist */,
				2E2503E61998C2DB006DD53C /* InfoPlist.strings */,
			);
			name = "Supporting Files";
			sourceTree = "<group>";
		};
		2E2503F31998C328006DD53C /* NSString+RemoveEmoji */ = {
			isa = PBXGroup;
			children = (
				2E2503F41998C328006DD53C /* NSString+RemoveEmoji.h */,
				2E2503F51998C328006DD53C /* NSString+RemoveEmoji.m */,
			);
			path = "NSString+RemoveEmoji";
			sourceTree = SOURCE_ROOT;
		};
/* End PBXGroup section */

/* Begin PBXNativeTarget section */
		2E2503BA1998C2DB006DD53C /* RemoveEmojiDemo */ = {
			isa = PBXNativeTarget;
			buildConfigurationList = 2E2503ED1998C2DB006DD53C /* Build configuration list for PBXNativeTarget "RemoveEmojiDemo" */;
			buildPhases = (
				2E2503B71998C2DB006DD53C /* Sources */,
				2E2503B81998C2DB006DD53C /* Frameworks */,
				2E2503B91998C2DB006DD53C /* Resources */,
			);
			buildRules = (
			);
			dependencies = (
			);
			name = RemoveEmojiDemo;
			productName = RemoveEmojiDemo;
			productReference = 2E2503BB1998C2DB006DD53C /* RemoveEmojiDemo.app */;
			productType = "com.apple.product-type.application";
		};
		2E2503DB1998C2DB006DD53C /* RemoveEmojiDemoTests */ = {
			isa = PBXNativeTarget;
			buildConfigurationList = 2E2503F01998C2DB006DD53C /* Build configuration list for PBXNativeTarget "RemoveEmojiDemoTests" */;
			buildPhases = (
				2E2503D81998C2DB006DD53C /* Sources */,
				2E2503D91998C2DB006DD53C /* Frameworks */,
				2E2503DA1998C2DB006DD53C /* Resources */,
			);
			buildRules = (
			);
			dependencies = (
				2E2503E21998C2DB006DD53C /* PBXTargetDependency */,
			);
			name = RemoveEmojiDemoTests;
			productName = RemoveEmojiDemoTests;
			productReference = 2E2503DC1998C2DB006DD53C /* RemoveEmojiDemoTests.xctest */;
			productType = "com.apple.product-type.bundle.unit-test";
		};
/* End PBXNativeTarget section */

/* Begin PBXProject section */
		2E2503B31998C2DB006DD53C /* Project object */ = {
			isa = PBXProject;
			attributes = {
				LastUpgradeCheck = 0510;
				ORGANIZATIONNAME = MarsLuo;
				TargetAttributes = {
					2E2503DB1998C2DB006DD53C = {
						TestTargetID = 2E2503BA1998C2DB006DD53C;
					};
				};
			};
			buildConfigurationList = 2E2503B61998C2DB006DD53C /* Build configuration list for PBXProject "RemoveEmojiDemo" */;
			compatibilityVersion = "Xcode 3.2";
			developmentRegion = English;
			hasScannedForEncodings = 0;
			knownRegions = (
				en,
				Base,
			);
			mainGroup = 2E2503B21998C2DB006DD53C;
			productRefGroup = 2E2503BC1998C2DB006DD53C /* Products */;
			projectDirPath = "";
			projectRoot = "";
			targets = (
				2E2503BA1998C2DB006DD53C /* RemoveEmojiDemo */,
				2E2503DB1998C2DB006DD53C /* RemoveEmojiDemoTests */,
			);
		};
/* End PBXProject section */

/* Begin PBXResourcesBuildPhase section */
		2E2503B91998C2DB006DD53C /* Resources */ = {
			isa = PBXResourcesBuildPhase;
			buildActionMask = 2147483647;
			files = (
				2E2503D71998C2DB006DD53C /* Images.xcassets in Resources */,
				2E2503C91998C2DB006DD53C /* InfoPlist.strings in Resources */,
				2E2503D21998C2DB006DD53C /* Main.storyboard in Resources */,
			);
			runOnlyForDeploymentPostprocessing = 0;
		};
		2E2503DA1998C2DB006DD53C /* Resources */ = {
			isa = PBXResourcesBuildPhase;
			buildActionMask = 2147483647;
			files = (
				2E2503E81998C2DB006DD53C /* InfoPlist.strings in Resources */,
			);
			runOnlyForDeploymentPostprocessing = 0;
		};
/* End PBXResourcesBuildPhase section */

/* Begin PBXSourcesBuildPhase section */
		2E2503B71998C2DB006DD53C /* Sources */ = {
			isa = PBXSourcesBuildPhase;
			buildActionMask = 2147483647;
			files = (
				2E2503D51998C2DB006DD53C /* ViewController.m in Sources */,
				2E2503CF1998C2DB006DD53C /* AppDelegate.m in Sources */,
				2E2503F61998C328006DD53C /* NSString+RemoveEmoji.m in Sources */,
				2E2503CB1998C2DB006DD53C /* main.m in Sources */,
			);
			runOnlyForDeploymentPostprocessing = 0;
		};
		2E2503D81998C2DB006DD53C /* Sources */ = {
			isa = PBXSourcesBuildPhase;
			buildActionMask = 2147483647;
			files = (
				2E2503EA1998C2DB006DD53C /* RemoveEmojiDemoTests.m in Sources */,
			);
			runOnlyForDeploymentPostprocessing = 0;
		};
/* End PBXSourcesBuildPhase section */

/* Begin PBXTargetDependency section */
		2E2503E21998C2DB006DD53C /* PBXTargetDependency */ = {
			isa = PBXTargetDependency;
			target = 2E2503BA1998C2DB006DD53C /* RemoveEmojiDemo */;
			targetProxy = 2E2503E11998C2DB006DD53C /* PBXContainerItemProxy */;
		};
/* End PBXTargetDependency section */

/* Begin PBXVariantGroup section */
		2E2503C71998C2DB006DD53C /* InfoPlist.strings */ = {
			isa = PBXVariantGroup;
			children = (
				2E2503C81998C2DB006DD53C /* en */,
			);
			name = InfoPlist.strings;
			sourceTree = "<group>";
		};
		2E2503D01998C2DB006DD53C /* Main.storyboard */ = {
			isa = PBXVariantGroup;
			children = (
				2E2503D11998C2DB006DD53C /* Base */,
			);
			name = Main.storyboard;
			sourceTree = "<group>";
		};
		2E2503E61998C2DB006DD53C /* InfoPlist.strings */ = {
			isa = PBXVariantGroup;
			children = (
				2E2503E71998C2DB006DD53C /* en */,
			);
			name = InfoPlist.strings;
			sourceTree = "<group>";
		};
/* End PBXVariantGroup section */

/* Begin XCBuildConfiguration section */
		2E2503EB1998C2DB006DD53C /* Debug */ = {
			isa = XCBuildConfiguration;
			buildSettings = {
				ALWAYS_SEARCH_USER_PATHS = NO;
				CLANG_CXX_LANGUAGE_STANDARD = "gnu++0x";
				CLANG_CXX_LIBRARY = "libc++";
				CLANG_ENABLE_MODULES = YES;
				CLANG_ENABLE_OBJC_ARC = YES;
				CLANG_WARN_BOOL_CONVERSION = YES;
				CLANG_WARN_CONSTANT_CONVERSION = YES;
				CLANG_WARN_DIRECT_OBJC_ISA_USAGE = YES_ERROR;
				CLANG_WARN_EMPTY_BODY = YES;
				CLANG_WARN_ENUM_CONVERSION = YES;
				CLANG_WARN_INT_CONVERSION = YES;
				CLANG_WARN_OBJC_ROOT_CLASS = YES_ERROR;
				CLANG_WARN__DUPLICATE_METHOD_MATCH = YES;
				"CODE_SIGN_IDENTITY[sdk=iphoneos*]" = "iPhone Developer";
				COPY_PHASE_STRIP = NO;
				GCC_C_LANGUAGE_STANDARD = gnu99;
				GCC_DYNAMIC_NO_PIC = NO;
				GCC_OPTIMIZATION_LEVEL = 0;
				GCC_PREPROCESSOR_DEFINITIONS = (
					"DEBUG=1",
					"$(inherited)",
				);
				GCC_SYMBOLS_PRIVATE_EXTERN = NO;
				GCC_WARN_64_TO_32_BIT_CONVERSION = YES;
				GCC_WARN_ABOUT_RETURN_TYPE = YES_ERROR;
				GCC_WARN_UNDECLARED_SELECTOR = YES;
				GCC_WARN_UNINITIALIZED_AUTOS = YES_AGGRESSIVE;
				GCC_WARN_UNUSED_FUNCTION = YES;
				GCC_WARN_UNUSED_VARIABLE = YES;
				IPHONEOS_DEPLOYMENT_TARGET = 7.1;
				ONLY_ACTIVE_ARCH = YES;
				SDKROOT = iphoneos;
			};
			name = Debug;
		};
		2E2503EC1998C2DB006DD53C /* Release */ = {
			isa = XCBuildConfiguration;
			buildSettings = {
				ALWAYS_SEARCH_USER_PATHS = NO;
				CLANG_CXX_LANGUAGE_STANDARD = "gnu++0x";
				CLANG_CXX_LIBRARY = "libc++";
				CLANG_ENABLE_MODULES = YES;
				CLANG_ENABLE_OBJC_ARC = YES;
				CLANG_WARN_BOOL_CONVERSION = YES;
				CLANG_WARN_CONSTANT_CONVERSION = YES;
				CLANG_WARN_DIRECT_OBJC_ISA_USAGE = YES_ERROR;
				CLANG_WARN_EMPTY_BODY = YES;
				CLANG_WARN_ENUM_CONVERSION = YES;
				CLANG_WARN_INT_CONVERSION = YES;
				CLANG_WARN_OBJC_ROOT_CLASS = YES_ERROR;
				CLANG_WARN__DUPLICATE_METHOD_MATCH = YES;
				"CODE_SIGN_IDENTITY[sdk=iphoneos*]" = "iPhone Developer";
				COPY_PHASE_STRIP = YES;
				ENABLE_NS_ASSERTIONS = NO;
				GCC_C_LANGUAGE_STANDARD = gnu99;
				GCC_WARN_64_TO_32_BIT_CONVERSION = YES;
				GCC_WARN_ABOUT_RETURN_TYPE = YES_ERROR;
				GCC_WARN_UNDECLARED_SELECTOR = YES;
				GCC_WARN_UNINITIALIZED_AUTOS = YES_AGGRESSIVE;
				GCC_WARN_UNUSED_FUNCTION = YES;
				GCC_WARN_UNUSED_VARIABLE = YES;
				IPHONEOS_DEPLOYMENT_TARGET = 7.1;
				SDKROOT = iphoneos;
				VALIDATE_PRODUCT = YES;
			};
			name = Release;
		};
		2E2503EE1998C2DB006DD53C /* Debug */ = {
			isa = XCBuildConfiguration;
			buildSettings = {
				ASSETCATALOG_COMPILER_APPICON_NAME = AppIcon;
				ASSETCATALOG_COMPILER_LAUNCHIMAGE_NAME = LaunchImage;
				GCC_PRECOMPILE_PREFIX_HEADER = YES;
				GCC_PREFIX_HEADER = "RemoveEmojiDemo/RemoveEmojiDemo-Prefix.pch";
				INFOPLIST_FILE = "RemoveEmojiDemo/RemoveEmojiDemo-Info.plist";
				PRODUCT_NAME = "$(TARGET_NAME)";
				WRAPPER_EXTENSION = app;
			};
			name = Debug;
		};
		2E2503EF1998C2DB006DD53C /* Release */ = {
			isa = XCBuildConfiguration;
			buildSettings = {
				ASSETCATALOG_COMPILER_APPICON_NAME = AppIcon;
				ASSETCATALOG_COMPILER_LAUNCHIMAGE_NAME = LaunchImage;
				GCC_PRECOMPILE_PREFIX_HEADER = YES;
				GCC_PREFIX_HEADER = "RemoveEmojiDemo/RemoveEmojiDemo-Prefix.pch";
				INFOPLIST_FILE = "RemoveEmojiDemo/RemoveEmojiDemo-Info.plist";
				PRODUCT_NAME = "$(TARGET_NAME)";
				WRAPPER_EXTENSION = app;
			};
			name = Release;
		};
		2E2503F11998C2DB006DD53C /* Debug */ = {
			isa = XCBuildConfiguration;
			buildSettings = {
				BUNDLE_LOADER = "$(BUILT_PRODUCTS_DIR)/RemoveEmojiDemo.app/RemoveEmojiDemo";
				FRAMEWORK_SEARCH_PATHS = (
					"$(SDKROOT)/Developer/Library/Frameworks",
					"$(inherited)",
					"$(DEVELOPER_FRAMEWORKS_DIR)",
				);
				GCC_PRECOMPILE_PREFIX_HEADER = YES;
				GCC_PREFIX_HEADER = "RemoveEmojiDemo/RemoveEmojiDemo-Prefix.pch";
				GCC_PREPROCESSOR_DEFINITIONS = (
					"DEBUG=1",
					"$(inherited)",
				);
				INFOPLIST_FILE = "RemoveEmojiDemoTests/RemoveEmojiDemoTests-Info.plist";
				PRODUCT_NAME = "$(TARGET_NAME)";
				TEST_HOST = "$(BUNDLE_LOADER)";
				WRAPPER_EXTENSION = xctest;
			};
			name = Debug;
		};
		2E2503F21998C2DB006DD53C /* Release */ = {
			isa = XCBuildConfiguration;
			buildSettings = {
				BUNDLE_LOADER = "$(BUILT_PRODUCTS_DIR)/RemoveEmojiDemo.app/RemoveEmojiDemo";
				FRAMEWORK_SEARCH_PATHS = (
					"$(SDKROOT)/Developer/Library/Frameworks",
					"$(inherited)",
					"$(DEVELOPER_FRAMEWORKS_DIR)",
				);
				GCC_PRECOMPILE_PREFIX_HEADER = YES;
				GCC_PREFIX_HEADER = "RemoveEmojiDemo/RemoveEmojiDemo-Prefix.pch";
				INFOPLIST_FILE = "RemoveEmojiDemoTests/RemoveEmojiDemoTests-Info.plist";
				PRODUCT_NAME = "$(TARGET_NAME)";
				TEST_HOST = "$(BUNDLE_LOADER)";
				WRAPPER_EXTENSION = xctest;
			};
			name = Release;
		};
/* End XCBuildConfiguration section */

/* Begin XCConfigurationList section */
		2E2503B61998C2DB006DD53C /* Build configuration list for PBXProject "RemoveEmojiDemo" */ = {
			isa = XCConfigurationList;
			buildConfigurations = (
				2E2503EB1998C2DB006DD53C /* Debug */,
				2E2503EC1998C2DB006DD53C /* Release */,
			);
			defaultConfigurationIsVisible = 0;
			defaultConfigurationName = Release;
		};
		2E2503ED1998C2DB006DD53C /* Build configuration list for PBXNativeTarget "RemoveEmojiDemo" */ = {
			isa = XCConfigurationList;
			buildConfigurations = (
				2E2503EE1998C2DB006DD53C /* Debug */,
				2E2503EF1998C2DB006DD53C /* Release */,
			);
			defaultConfigurationIsVisible = 0;
		};
		2E2503F01998C2DB006DD53C /* Build configuration list for PBXNativeTarget "RemoveEmojiDemoTests" */ = {
			isa = XCConfigurationList;
			buildConfigurations = (
				2E2503F11998C2DB006DD53C /* Debug */,
				2E2503F21998C2DB006DD53C /* Release */,
			);
			defaultConfigurationIsVisible = 0;
		};
/* End XCConfigurationList section */
	};
	rootObject = 2E2503B31998C2DB006DD53C /* Project object */;
}
